
Microsoft Visual Studio Solution File, Format Version 12.00
# Visual Studio Version 16
VisualStudioVersion = 16.0.33927.289
MinimumVisualStudioVersion = 10.0.40219.1
Project("{FAE04EC0-301F-11D3-BF4B-00C04F79EFBC}") = "IAAITW", "IAAITW\IAAITW.csproj", "{EE2A2B96-F074-41CE-905C-30D4BDDB83B2}"
EndProject
Global
	GlobalSection(SolutionConfigurationPlatforms) = preSolution
		Debug|Any CPU = Debug|Any CPU
		Release|Any CPU = Release|Any CPU
	EndGlobalSection
	GlobalSection(ProjectConfigurationPlatforms) = postSolution
		{EE2A2B96-F074-41CE-905C-30D4BDDB83B2}.Debug|Any CPU.ActiveCfg = Debug|Any CPU
		{EE2A2B96-F074-41CE-905C-30D4BDDB83B2}.Debug|Any CPU.Build.0 = Debug|Any CPU
		{EE2A2B96-F074-41CE-905C-30D4BDDB83B2}.Release|Any CPU.ActiveCfg = Release|Any CPU
		{EE2A2B96-F074-41CE-905C-30D4BDDB83B2}.Release|Any CPU.Build.0 = Release|Any CPU
	EndGlobalSection
	GlobalSection(SolutionProperties) = preSolution
		HideSolutionNode = FALSE
	EndGlobalSection
	GlobalSection(ExtensibilityGlobals) = postSolution
		SolutionGuid = {F7535797-E047-47EC-9EB6-9F6FD5C58919}
	EndGlobalSection
EndGlobal
